
Microsoft Visual Studio Solution File, Format Version 12.00
# Visual Studio 15
VisualStudioVersion = 15.0.28307.572
MinimumVisualStudioVersion = 10.0.40219.1
Project("{9A19103F-16F7-4668-BE54-9A1E7A4F7556}") = "CDAAS_TestFramework", "CDAAS_TestFramework\CDAAS_TestFramework.csproj", "{114DD291-3551-4083-8E9A-58A3E731D8D7}"
EndProject
Global
	GlobalSection(SolutionConfigurationPlatforms) = preSolution
		Debug|Any CPU = Debug|Any CPU
		Release|Any CPU = Release|Any CPU
	EndGlobalSection
	GlobalSection(ProjectConfigurationPlatforms) = postSolution
		{114DD291-3551-4083-8E9A-58A3E731D8D7}.Debug|Any CPU.ActiveCfg = Debug|Any CPU
		{114DD291-3551-4083-8E9A-58A3E731D8D7}.Debug|Any CPU.Build.0 = Debug|Any CPU
		{114DD291-3551-4083-8E9A-58A3E731D8D7}.Release|Any CPU.ActiveCfg = Release|Any CPU
		{114DD291-3551-4083-8E9A-58A3E731D8D7}.Release|Any CPU.Build.0 = Release|Any CPU
	EndGlobalSection
	GlobalSection(SolutionProperties) = preSolution
		HideSolutionNode = FALSE
	EndGlobalSection
	GlobalSection(ExtensibilityGlobals) = postSolution
		SolutionGuid = {DA05DECB-4510-4F6C-89D3-F136B700B8B8}
	EndGlobalSection
EndGlobal
